schema: '2.0'
stages:
  data_ingestion:
    cmd: python src/data_ingestion.py
    deps:
    - path: src/data_ingestion.py
      hash: md5
      md5: ad6fcf3bdaa82efd37a0e6f742a1086e
      size: 2520
    outs:
    - path: data/raw
      hash: md5
      md5: 4f10bb440080520ef6082eaaab693fd2.dir
      size: 1084773
      nfiles: 3
  data_preprocessing:
    cmd: python src/data_preprocessing.py
    deps:
    - path: data/raw
      hash: md5
      md5: 4f10bb440080520ef6082eaaab693fd2.dir
      size: 1084773
      nfiles: 3
    - path: src/data_preprocessing.py
      hash: md5
      md5: 4bdbe4018409e405720b9ac486236155
      size: 3878
    params:
      params.yaml:
        data_preprocessing.fillna_categorical: unknown
        data_preprocessing.fillna_numeric: mean
    outs:
    - path: data/interim
      hash: md5
      md5: 39a8ba3ed90c7d3da00817900c71161e.dir
      size: 1166214
      nfiles: 2
  feature_engineering:
    cmd: python src/feature_engineering.py
    deps:
    - path: data/interim
      hash: md5
      md5: 39a8ba3ed90c7d3da00817900c71161e.dir
      size: 1166214
      nfiles: 2
    - path: src/feature_engineering.py
      hash: md5
      md5: 065fb8695717aaa22052da0d3bcb5d04
      size: 3969
    params:
      params.yaml:
        feature_engineering.encode_unknown_value: -1
        feature_engineering.max_features: 35
    outs:
    - path: data/processed
      hash: md5
      md5: e93f7bee77acb41c4052037292d51dcd.dir
      size: 1911283
      nfiles: 2
  model_building:
    cmd: python src/model_building.py
    deps:
    - path: data/processed
      hash: md5
      md5: e93f7bee77acb41c4052037292d51dcd.dir
      size: 1911283
      nfiles: 2
    - path: src/model_building.py
      hash: md5
      md5: 3c2ed74cc8cba982f9471fc20ea742db
      size: 4567
    params:
      params.yaml:
        model_building.colsample_bytree: 0.8
        model_building.early_stopping_rounds: 20
        model_building.eta: 0.1
        model_building.max_depth: 2
        model_building.n_estimators: 100
        model_building.n_splits: 5
        model_building.random_state: 42
        model_building.subsample: 0.8
    outs:
    - path: models/
      hash: md5
      md5: 9b7c0d0021d2d2e5ef92bc758a8d83e4.dir
      size: 565668
      nfiles: 7
  model_evaluation:
    cmd: python src/model_evaluation.py
    deps:
    - path: data/processed/train_features.csv
      hash: md5
      md5: e08eb29c6ad3908becdf9b31a491d543
      size: 1490292
    - path: models/xgb_model_fold_1.pkl
      hash: md5
      md5: 90fc28579c20a0278951a5b5c814f207
      size: 93455
    - path: src/model_evaluation.py
      hash: md5
      md5: 229af41afc5c48b9b9f3eb8d678ab84d
      size: 4562
    params:
      params.yaml:
        model_evaluation.average: weighted
        model_evaluation.zero_division: 0
    outs:
    - path: reports/metrics.json
      hash: md5
      md5: 43071aed0889157fe272702c028d4dbf
      size: 1039
